
Microsoft Visual Studio Solution File, Format Version 12.00
# Visual Studio Version 17
VisualStudioVersion = 17.10.35013.160
MinimumVisualStudioVersion = 10.0.40219.1
Project("{2150E333-8FDC-42A3-9474-1A3956D46DE8}") = "Solution Items", "Solution Items", "{08679A3F-A89F-4707-B65C-E2EAD26378E5}"
	ProjectSection(SolutionItems) = preProject
		house-details.html = house-details.html
		index.html = index.html
		login.html = login.html
		SearchResults.html = SearchResults.html
		signup.html = signup.html
		stylesheet.css = stylesheet.css
	EndProjectSection
EndProject
Project("{2150E333-8FDC-42A3-9474-1A3956D46DE8}") = "htmlandcss", "htmlandcss", "{5BE11F30-111B-4EA3-B7C6-97A76A1E6920}"
EndProject
Project("{2150E333-8FDC-42A3-9474-1A3956D46DE8}") = "Jscripts files", "Jscripts files", "{8BBBAB41-8DE0-43F7-97C4-A2E3FCCFF34F}"
	ProjectSection(SolutionItems) = preProject
		index.js = index.js
		login.js = login.js
		scriptfordetails.js = scriptfordetails.js
		scriptforsearch.js = scriptforsearch.js
		signup.js = signup.js
	EndProjectSection
EndProject
Project("{2150E333-8FDC-42A3-9474-1A3956D46DE8}") = "ProfileDesings", "ProfileDesings", "{FF058460-8254-4A7C-8DED-B7B7B64295B6}"
	ProjectSection(SolutionItems) = preProject
		advertisements.html = advertisements.html
		AllProfile.js = AllProfile.js
		AllProfiles.css = AllProfiles.css
		changepassword.html = changepassword.html
		myfavorites.html = myfavorites.html
		personalinformations.html = personalinformations.html
	EndProjectSection
EndProject
Global
	GlobalSection(SolutionProperties) = preSolution
		HideSolutionNode = FALSE
	EndGlobalSection
	GlobalSection(NestedProjects) = preSolution
		{5BE11F30-111B-4EA3-B7C6-97A76A1E6920} = {08679A3F-A89F-4707-B65C-E2EAD26378E5}
		{8BBBAB41-8DE0-43F7-97C4-A2E3FCCFF34F} = {5BE11F30-111B-4EA3-B7C6-97A76A1E6920}
		{FF058460-8254-4A7C-8DED-B7B7B64295B6} = {5BE11F30-111B-4EA3-B7C6-97A76A1E6920}
	EndGlobalSection
	GlobalSection(ExtensibilityGlobals) = postSolution
		SolutionGuid = {07A35FD6-51A9-4B8B-BC56-97822B701F2D}
	EndGlobalSection
EndGlobal
